
Microsoft Visual Studio Solution File, Format Version 12.00
# Visual Studio Version 16
VisualStudioVersion = 16.0.31702.278
MinimumVisualStudioVersion = 10.0.40219.1
Project("{FAE04EC0-301F-11D3-BF4B-00C04F79EFBC}") = "TabliczkaMnozenia", "TabliczkaMnozenia\TabliczkaMnozenia.csproj", "{61BA0CF5-422D-4454-ABE3-2D7E112A1786}"
EndProject
Global
	GlobalSection(SolutionConfigurationPlatforms) = preSolution
		Debug|Any CPU = Debug|Any CPU
		Release|Any CPU = Release|Any CPU
	EndGlobalSection
	GlobalSection(ProjectConfigurationPlatforms) = postSolution
		{61BA0CF5-422D-4454-ABE3-2D7E112A1786}.Debug|Any CPU.ActiveCfg = Debug|Any CPU
		{61BA0CF5-422D-4454-ABE3-2D7E112A1786}.Debug|Any CPU.Build.0 = Debug|Any CPU
		{61BA0CF5-422D-4454-ABE3-2D7E112A1786}.Release|Any CPU.ActiveCfg = Release|Any CPU
		{61BA0CF5-422D-4454-ABE3-2D7E112A1786}.Release|Any CPU.Build.0 = Release|Any CPU
	EndGlobalSection
	GlobalSection(SolutionProperties) = preSolution
		HideSolutionNode = FALSE
	EndGlobalSection
	GlobalSection(ExtensibilityGlobals) = postSolution
		SolutionGuid = {4C3DA99C-0B98-4CA6-B041-37D42758880C}
	EndGlobalSection
EndGlobal
